
Microsoft Visual Studio Solution File, Format Version 12.00
# Visual Studio Version 17
VisualStudioVersion = 17.13.35913.81 d17.13
MinimumVisualStudioVersion = 10.0.40219.1
Project("{FAE04EC0-301F-11D3-BF4B-00C04F79EFBC}") = "Modules.User.Domain", "src\Modules\User\Modules.User.Domain.csproj", "{71408563-255E-C9D9-F75A-E8D6E99D20B6}"
EndProject
Global
	GlobalSection(SolutionConfigurationPlatforms) = preSolution
		Debug|Any CPU = Debug|Any CPU
		Release|Any CPU = Release|Any CPU
	EndGlobalSection
	GlobalSection(ProjectConfigurationPlatforms) = postSolution
		{71408563-255E-C9D9-F75A-E8D6E99D20B6}.Debug|Any CPU.ActiveCfg = Debug|Any CPU
		{71408563-255E-C9D9-F75A-E8D6E99D20B6}.Debug|Any CPU.Build.0 = Debug|Any CPU
		{71408563-255E-C9D9-F75A-E8D6E99D20B6}.Release|Any CPU.ActiveCfg = Release|Any CPU
		{71408563-255E-C9D9-F75A-E8D6E99D20B6}.Release|Any CPU.Build.0 = Release|Any CPU
	EndGlobalSection
	GlobalSection(SolutionProperties) = preSolution
		HideSolutionNode = FALSE
	EndGlobalSection
	GlobalSection(ExtensibilityGlobals) = postSolution
		SolutionGuid = {2B5335E8-E45C-4A1E-837A-86ED72CF93C1}
	EndGlobalSection
EndGlobal
