
Microsoft Visual Studio Solution File, Format Version 12.00
# Visual Studio Version 17
VisualStudioVersion = 17.13.35825.156 d17.13
MinimumVisualStudioVersion = 10.0.40219.1
Project("{FAE04EC0-301F-11D3-BF4B-00C04F79EFBC}") = "EFCorePractice.App", "EFCorePractice.App\EFCorePractice.App.csproj", "{5B620362-BF0B-4292-A434-4F2124F7D82E}"
EndProject
Global
	GlobalSection(SolutionConfigurationPlatforms) = preSolution
		Debug|Any CPU = Debug|Any CPU
		Release|Any CPU = Release|Any CPU
	EndGlobalSection
	GlobalSection(ProjectConfigurationPlatforms) = postSolution
		{5B620362-BF0B-4292-A434-4F2124F7D82E}.Debug|Any CPU.ActiveCfg = Debug|Any CPU
		{5B620362-BF0B-4292-A434-4F2124F7D82E}.Debug|Any CPU.Build.0 = Debug|Any CPU
		{5B620362-BF0B-4292-A434-4F2124F7D82E}.Release|Any CPU.ActiveCfg = Release|Any CPU
		{5B620362-BF0B-4292-A434-4F2124F7D82E}.Release|Any CPU.Build.0 = Release|Any CPU
	EndGlobalSection
	GlobalSection(SolutionProperties) = preSolution
		HideSolutionNode = FALSE
	EndGlobalSection
	GlobalSection(ExtensibilityGlobals) = postSolution
		SolutionGuid = {40504E32-1E49-4990-BD75-3BDDF745DA19}
	EndGlobalSection
EndGlobal
